
Microsoft Visual Studio Solution File, Format Version 12.00
# Visual Studio Version 17
VisualStudioVersion = 17.14.36203.30 d17.14
MinimumVisualStudioVersion = 10.0.40219.1
Project("{FAE04EC0-301F-11D3-BF4B-00C04F79EFBC}") = "InvastigationGame", "InvastigationGame\InvastigationGame.csproj", "{804A2B4A-7448-4A2C-BDCE-73872CA11E3D}"
EndProject
Global
	GlobalSection(SolutionConfigurationPlatforms) = preSolution
		Debug|Any CPU = Debug|Any CPU
		Release|Any CPU = Release|Any CPU
	EndGlobalSection
	GlobalSection(ProjectConfigurationPlatforms) = postSolution
		{804A2B4A-7448-4A2C-BDCE-73872CA11E3D}.Debug|Any CPU.ActiveCfg = Debug|Any CPU
		{804A2B4A-7448-4A2C-BDCE-73872CA11E3D}.Debug|Any CPU.Build.0 = Debug|Any CPU
		{804A2B4A-7448-4A2C-BDCE-73872CA11E3D}.Release|Any CPU.ActiveCfg = Release|Any CPU
		{804A2B4A-7448-4A2C-BDCE-73872CA11E3D}.Release|Any CPU.Build.0 = Release|Any CPU
	EndGlobalSection
	GlobalSection(SolutionProperties) = preSolution
		HideSolutionNode = FALSE
	EndGlobalSection
	GlobalSection(ExtensibilityGlobals) = postSolution
		SolutionGuid = {6E5F37C0-47BB-4949-BA5B-B8D3CDEFC749}
	EndGlobalSection
EndGlobal
